
Microsoft Visual Studio Solution File, Format Version 12.00
# Visual Studio Version 17
VisualStudioVersion = 17.1.32228.430
MinimumVisualStudioVersion = 10.0.40219.1
Project("{FAE04EC0-301F-11D3-BF4B-00C04F79EFBC}") = "TodoApi", "TodoApi\TodoApi.csproj", "{BE059920-FDED-47DE-80A0-987E539C2A0C}"
EndProject
Global
	GlobalSection(SolutionConfigurationPlatforms) = preSolution
		Debug|Any CPU = Debug|Any CPU
		Release|Any CPU = Release|Any CPU
	EndGlobalSection
	GlobalSection(ProjectConfigurationPlatforms) = postSolution
		{BE059920-FDED-47DE-80A0-987E539C2A0C}.Debug|Any CPU.ActiveCfg = Debug|Any CPU
		{BE059920-FDED-47DE-80A0-987E539C2A0C}.Debug|Any CPU.Build.0 = Debug|Any CPU
		{BE059920-FDED-47DE-80A0-987E539C2A0C}.Release|Any CPU.ActiveCfg = Release|Any CPU
		{BE059920-FDED-47DE-80A0-987E539C2A0C}.Release|Any CPU.Build.0 = Release|Any CPU
	EndGlobalSection
	GlobalSection(SolutionProperties) = preSolution
		HideSolutionNode = FALSE
	EndGlobalSection
	GlobalSection(ExtensibilityGlobals) = postSolution
		SolutionGuid = {A899C402-12FF-4602-B1B9-4B21901819FE}
	EndGlobalSection
EndGlobal
